
Microsoft Visual Studio Solution File, Format Version 12.00
# Visual Studio Version 17
VisualStudioVersion = 17.11.35327.3
MinimumVisualStudioVersion = 10.0.40219.1
Project("{FAE04EC0-301F-11D3-BF4B-00C04F79EFBC}") = "Lab2_Mebil", "Lab2_Mebil\Lab2_Mebil.csproj", "{4788D666-CDA0-4140-A991-C2CD59B7454A}"
EndProject
Global
	GlobalSection(SolutionConfigurationPlatforms) = preSolution
		Debug|Any CPU = Debug|Any CPU
		Release|Any CPU = Release|Any CPU
	EndGlobalSection
	GlobalSection(ProjectConfigurationPlatforms) = postSolution
		{4788D666-CDA0-4140-A991-C2CD59B7454A}.Debug|Any CPU.ActiveCfg = Debug|Any CPU
		{4788D666-CDA0-4140-A991-C2CD59B7454A}.Debug|Any CPU.Build.0 = Debug|Any CPU
		{4788D666-CDA0-4140-A991-C2CD59B7454A}.Release|Any CPU.ActiveCfg = Release|Any CPU
		{4788D666-CDA0-4140-A991-C2CD59B7454A}.Release|Any CPU.Build.0 = Release|Any CPU
	EndGlobalSection
	GlobalSection(SolutionProperties) = preSolution
		HideSolutionNode = FALSE
	EndGlobalSection
	GlobalSection(ExtensibilityGlobals) = postSolution
		SolutionGuid = {D30D8A7A-E333-4C4D-8346-110839F7E5DF}
	EndGlobalSection
EndGlobal
